
Microsoft Visual Studio Solution File, Format Version 12.00
# Visual Studio Version 17
VisualStudioVersion = 17.7.34009.444
MinimumVisualStudioVersion = 10.0.40219.1
Project("{FAE04EC0-301F-11D3-BF4B-00C04F79EFBC}") = "AltaYEnum", "AltaYEnum.csproj", "{357780DF-338E-493B-8E8A-5040BE80C746}"
EndProject
Project("{FAE04EC0-301F-11D3-BF4B-00C04F79EFBC}") = "Entidades", "..\ClassLibrary\Entidades.csproj", "{7A8364C1-B2F9-4116-A6B3-0F7E8A18DC3D}"
EndProject
Global
	GlobalSection(SolutionConfigurationPlatforms) = preSolution
		Debug|Any CPU = Debug|Any CPU
		Release|Any CPU = Release|Any CPU
	EndGlobalSection
	GlobalSection(ProjectConfigurationPlatforms) = postSolution
		{357780DF-338E-493B-8E8A-5040BE80C746}.Debug|Any CPU.ActiveCfg = Debug|Any CPU
		{357780DF-338E-493B-8E8A-5040BE80C746}.Debug|Any CPU.Build.0 = Debug|Any CPU
		{357780DF-338E-493B-8E8A-5040BE80C746}.Release|Any CPU.ActiveCfg = Release|Any CPU
		{357780DF-338E-493B-8E8A-5040BE80C746}.Release|Any CPU.Build.0 = Release|Any CPU
		{7A8364C1-B2F9-4116-A6B3-0F7E8A18DC3D}.Debug|Any CPU.ActiveCfg = Debug|Any CPU
		{7A8364C1-B2F9-4116-A6B3-0F7E8A18DC3D}.Debug|Any CPU.Build.0 = Debug|Any CPU
		{7A8364C1-B2F9-4116-A6B3-0F7E8A18DC3D}.Release|Any CPU.ActiveCfg = Release|Any CPU
		{7A8364C1-B2F9-4116-A6B3-0F7E8A18DC3D}.Release|Any CPU.Build.0 = Release|Any CPU
	EndGlobalSection
	GlobalSection(SolutionProperties) = preSolution
		HideSolutionNode = FALSE
	EndGlobalSection
	GlobalSection(ExtensibilityGlobals) = postSolution
		SolutionGuid = {9B04BCC8-76C5-465B-B36E-ABBA93A5AFBE}
	EndGlobalSection
EndGlobal
